
Microsoft Visual Studio Solution File, Format Version 12.00
# Visual Studio 2013
VisualStudioVersion = 12.0.40629.0
MinimumVisualStudioVersion = 10.0.40219.1
Project("{FAE04EC0-301F-11D3-BF4B-00C04F79EFBC}") = "KafkaDemo", "KafkaDemo\KafkaDemo.csproj", "{F7D07E73-EA85-4D05-943C-62E613BC7CAB}"
EndProject
Project("{FAE04EC0-301F-11D3-BF4B-00C04F79EFBC}") = "KafkaProducer", "KafkaProducer\KafkaProducer.csproj", "{C84E589B-052C-40FA-9A74-F3D3E105CF6C}"
EndProject
Project("{FAE04EC0-301F-11D3-BF4B-00C04F79EFBC}") = "KafkaConsumer", "KafkaConsumer\KafkaConsumer.csproj", "{C9430DB4-0F8A-4802-9C36-5177767F1BB8}"
EndProject
Global
	GlobalSection(SolutionConfigurationPlatforms) = preSolution
		Debug|Any CPU = Debug|Any CPU
		Release|Any CPU = Release|Any CPU
	EndGlobalSection
	GlobalSection(ProjectConfigurationPlatforms) = postSolution
		{F7D07E73-EA85-4D05-943C-62E613BC7CAB}.Debug|Any CPU.ActiveCfg = Debug|Any CPU
		{F7D07E73-EA85-4D05-943C-62E613BC7CAB}.Debug|Any CPU.Build.0 = Debug|Any CPU
		{F7D07E73-EA85-4D05-943C-62E613BC7CAB}.Release|Any CPU.ActiveCfg = Release|Any CPU
		{F7D07E73-EA85-4D05-943C-62E613BC7CAB}.Release|Any CPU.Build.0 = Release|Any CPU
		{C84E589B-052C-40FA-9A74-F3D3E105CF6C}.Debug|Any CPU.ActiveCfg = Debug|Any CPU
		{C84E589B-052C-40FA-9A74-F3D3E105CF6C}.Debug|Any CPU.Build.0 = Debug|Any CPU
		{C84E589B-052C-40FA-9A74-F3D3E105CF6C}.Release|Any CPU.ActiveCfg = Release|Any CPU
		{C84E589B-052C-40FA-9A74-F3D3E105CF6C}.Release|Any CPU.Build.0 = Release|Any CPU
		{C9430DB4-0F8A-4802-9C36-5177767F1BB8}.Debug|Any CPU.ActiveCfg = Debug|Any CPU
		{C9430DB4-0F8A-4802-9C36-5177767F1BB8}.Debug|Any CPU.Build.0 = Debug|Any CPU
		{C9430DB4-0F8A-4802-9C36-5177767F1BB8}.Release|Any CPU.ActiveCfg = Release|Any CPU
		{C9430DB4-0F8A-4802-9C36-5177767F1BB8}.Release|Any CPU.Build.0 = Release|Any CPU
	EndGlobalSection
	GlobalSection(SolutionProperties) = preSolution
		HideSolutionNode = FALSE
	EndGlobalSection
EndGlobal
